
Microsoft Visual Studio Solution File, Format Version 12.00
# Visual Studio Version 17
VisualStudioVersion = 17.10.35004.147
MinimumVisualStudioVersion = 10.0.40219.1
Project("{FAE04EC0-301F-11D3-BF4B-00C04F79EFBC}") = "PracticalTest", "PracticalTest\PracticalTest.csproj", "{EE650337-2384-4306-883A-B30F9BBAFB67}"
EndProject
Global
	GlobalSection(SolutionConfigurationPlatforms) = preSolution
		Debug|Any CPU = Debug|Any CPU
		Release|Any CPU = Release|Any CPU
	EndGlobalSection
	GlobalSection(ProjectConfigurationPlatforms) = postSolution
		{EE650337-2384-4306-883A-B30F9BBAFB67}.Debug|Any CPU.ActiveCfg = Debug|Any CPU
		{EE650337-2384-4306-883A-B30F9BBAFB67}.Debug|Any CPU.Build.0 = Debug|Any CPU
		{EE650337-2384-4306-883A-B30F9BBAFB67}.Release|Any CPU.ActiveCfg = Release|Any CPU
		{EE650337-2384-4306-883A-B30F9BBAFB67}.Release|Any CPU.Build.0 = Release|Any CPU
	EndGlobalSection
	GlobalSection(SolutionProperties) = preSolution
		HideSolutionNode = FALSE
	EndGlobalSection
	GlobalSection(ExtensibilityGlobals) = postSolution
		SolutionGuid = {ECEB1B2F-8D90-430D-B602-9C16C6811ACB}
	EndGlobalSection
EndGlobal
